
Microsoft Visual Studio Solution File, Format Version 12.00
# Visual Studio Version 17
VisualStudioVersion = 17.6.33723.286
MinimumVisualStudioVersion = 10.0.40219.1
Project("{2150E333-8FDC-42A3-9474-1A3956D46DE8}") = "01. Frontend", "01. Frontend", "{6558204D-AEBB-4EF5-9093-ADDF9616E3AB}"
EndProject
Project("{2150E333-8FDC-42A3-9474-1A3956D46DE8}") = "02. Backend", "02. Backend", "{8F7EC33D-394B-490E-B223-BD61E831DDFE}"
EndProject
Project("{2150E333-8FDC-42A3-9474-1A3956D46DE8}") = "03. Model", "03. Model", "{C7C28078-38AB-4D98-8174-BC8378F7282E}"
EndProject
Project("{2150E333-8FDC-42A3-9474-1A3956D46DE8}") = "04. Service", "04. Service", "{4444989C-5EE9-4B37-85D6-C804A2AE87F8}"
EndProject
Project("{2150E333-8FDC-42A3-9474-1A3956D46DE8}") = "05. UnitOfWork", "05. UnitOfWork", "{DC4D8C2E-8890-4918-A747-96366425F3EE}"
EndProject
Project("{2150E333-8FDC-42A3-9474-1A3956D46DE8}") = "06. Repository", "06. Repository", "{82A73E15-9180-4E24-AF09-CF1E676C5083}"
EndProject
Project("{2150E333-8FDC-42A3-9474-1A3956D46DE8}") = "2.1. API_REST", "2.1. API_REST", "{B55B150E-4AE3-486A-B16E-AC8E444CA2A6}"
EndProject
Project("{9A19103F-16F7-4668-BE54-9A1E7A4F7556}") = "PRESUPUESTOS_API_REST", "src\PRESUPUESTOS_API_REST\PRESUPUESTOS_API_REST.csproj", "{C5849088-964A-4996-9503-57AB1422638E}"
EndProject
Project("{9A19103F-16F7-4668-BE54-9A1E7A4F7556}") = "Model", "src\Model\Model.csproj", "{36701DC9-308D-45AF-9EFE-ED6903F3511C}"
EndProject
Project("{9A19103F-16F7-4668-BE54-9A1E7A4F7556}") = "Service", "src\Service\Service.csproj", "{1E54245C-B9E0-4066-BD85-81E5C1D37D40}"
EndProject
Project("{9A19103F-16F7-4668-BE54-9A1E7A4F7556}") = "UnitOfWork_Interface", "src\UnitOfWork_Interface\UnitOfWork_Interface.csproj", "{A0E6AF92-B68E-411C-96BE-29898A5737A5}"
EndProject
Project("{9A19103F-16F7-4668-BE54-9A1E7A4F7556}") = "Repository_Interface", "src\Repository_Interface\Repository_Interface.csproj", "{BCAB55CB-8C31-45C4-A81F-69B7857DB5AB}"
EndProject
Project("{9A19103F-16F7-4668-BE54-9A1E7A4F7556}") = "UnitOfWork_SqlServer", "src\UnitOfWork_SqlServer\UnitOfWork_SqlServer.csproj", "{370DD582-D5EE-41AF-BE92-59A422F1E56D}"
EndProject
Project("{9A19103F-16F7-4668-BE54-9A1E7A4F7556}") = "Repository_SqlServer", "src\Repository_SqlServer\Repository_SqlServer.csproj", "{06979662-A472-4FBF-9C97-0C12A18F883A}"
EndProject
Project("{2150E333-8FDC-42A3-9474-1A3956D46DE8}") = "1.1. WebApp", "1.1. WebApp", "{BB15D317-7C9F-477C-B241-F78AF74A557F}"
EndProject
Project("{9A19103F-16F7-4668-BE54-9A1E7A4F7556}") = "PRESUPUESTOS_BlazorApp", "src\PRESUPUESTOS_BlazorApp\PRESUPUESTOS_BlazorApp.csproj", "{A825729E-DC6A-46FB-AF9F-6E565B3E68E2}"
EndProject
Project("{2150E333-8FDC-42A3-9474-1A3956D46DE8}") = "07. Frontend", "07. Frontend", "{AE24C584-9FBA-4ABC-8127-8C6027F3D969}"
EndProject
Global
	GlobalSection(SolutionConfigurationPlatforms) = preSolution
		Debug|Any CPU = Debug|Any CPU
		Release|Any CPU = Release|Any CPU
	EndGlobalSection
	GlobalSection(ProjectConfigurationPlatforms) = postSolution
		{C5849088-964A-4996-9503-57AB1422638E}.Debug|Any CPU.ActiveCfg = Debug|Any CPU
		{C5849088-964A-4996-9503-57AB1422638E}.Debug|Any CPU.Build.0 = Debug|Any CPU
		{C5849088-964A-4996-9503-57AB1422638E}.Release|Any CPU.ActiveCfg = Release|Any CPU
		{C5849088-964A-4996-9503-57AB1422638E}.Release|Any CPU.Build.0 = Release|Any CPU
		{36701DC9-308D-45AF-9EFE-ED6903F3511C}.Debug|Any CPU.ActiveCfg = Debug|Any CPU
		{36701DC9-308D-45AF-9EFE-ED6903F3511C}.Debug|Any CPU.Build.0 = Debug|Any CPU
		{36701DC9-308D-45AF-9EFE-ED6903F3511C}.Release|Any CPU.ActiveCfg = Release|Any CPU
		{36701DC9-308D-45AF-9EFE-ED6903F3511C}.Release|Any CPU.Build.0 = Release|Any CPU
		{1E54245C-B9E0-4066-BD85-81E5C1D37D40}.Debug|Any CPU.ActiveCfg = Debug|Any CPU
		{1E54245C-B9E0-4066-BD85-81E5C1D37D40}.Debug|Any CPU.Build.0 = Debug|Any CPU
		{1E54245C-B9E0-4066-BD85-81E5C1D37D40}.Release|Any CPU.ActiveCfg = Release|Any CPU
		{1E54245C-B9E0-4066-BD85-81E5C1D37D40}.Release|Any CPU.Build.0 = Release|Any CPU
		{A0E6AF92-B68E-411C-96BE-29898A5737A5}.Debug|Any CPU.ActiveCfg = Debug|Any CPU
		{A0E6AF92-B68E-411C-96BE-29898A5737A5}.Debug|Any CPU.Build.0 = Debug|Any CPU
		{A0E6AF92-B68E-411C-96BE-29898A5737A5}.Release|Any CPU.ActiveCfg = Release|Any CPU
		{A0E6AF92-B68E-411C-96BE-29898A5737A5}.Release|Any CPU.Build.0 = Release|Any CPU
		{BCAB55CB-8C31-45C4-A81F-69B7857DB5AB}.Debug|Any CPU.ActiveCfg = Debug|Any CPU
		{BCAB55CB-8C31-45C4-A81F-69B7857DB5AB}.Debug|Any CPU.Build.0 = Debug|Any CPU
		{BCAB55CB-8C31-45C4-A81F-69B7857DB5AB}.Release|Any CPU.ActiveCfg = Release|Any CPU
		{BCAB55CB-8C31-45C4-A81F-69B7857DB5AB}.Release|Any CPU.Build.0 = Release|Any CPU
		{370DD582-D5EE-41AF-BE92-59A422F1E56D}.Debug|Any CPU.ActiveCfg = Debug|Any CPU
		{370DD582-D5EE-41AF-BE92-59A422F1E56D}.Debug|Any CPU.Build.0 = Debug|Any CPU
		{370DD582-D5EE-41AF-BE92-59A422F1E56D}.Release|Any CPU.ActiveCfg = Release|Any CPU
		{370DD582-D5EE-41AF-BE92-59A422F1E56D}.Release|Any CPU.Build.0 = Release|Any CPU
		{06979662-A472-4FBF-9C97-0C12A18F883A}.Debug|Any CPU.ActiveCfg = Debug|Any CPU
		{06979662-A472-4FBF-9C97-0C12A18F883A}.Debug|Any CPU.Build.0 = Debug|Any CPU
		{06979662-A472-4FBF-9C97-0C12A18F883A}.Release|Any CPU.ActiveCfg = Release|Any CPU
		{06979662-A472-4FBF-9C97-0C12A18F883A}.Release|Any CPU.Build.0 = Release|Any CPU
		{A825729E-DC6A-46FB-AF9F-6E565B3E68E2}.Debug|Any CPU.ActiveCfg = Debug|Any CPU
		{A825729E-DC6A-46FB-AF9F-6E565B3E68E2}.Debug|Any CPU.Build.0 = Debug|Any CPU
		{A825729E-DC6A-46FB-AF9F-6E565B3E68E2}.Release|Any CPU.ActiveCfg = Release|Any CPU
		{A825729E-DC6A-46FB-AF9F-6E565B3E68E2}.Release|Any CPU.Build.0 = Release|Any CPU
	EndGlobalSection
	GlobalSection(SolutionProperties) = preSolution
		HideSolutionNode = FALSE
	EndGlobalSection
	GlobalSection(NestedProjects) = preSolution
		{B55B150E-4AE3-486A-B16E-AC8E444CA2A6} = {8F7EC33D-394B-490E-B223-BD61E831DDFE}
		{C5849088-964A-4996-9503-57AB1422638E} = {B55B150E-4AE3-486A-B16E-AC8E444CA2A6}
		{36701DC9-308D-45AF-9EFE-ED6903F3511C} = {C7C28078-38AB-4D98-8174-BC8378F7282E}
		{1E54245C-B9E0-4066-BD85-81E5C1D37D40} = {4444989C-5EE9-4B37-85D6-C804A2AE87F8}
		{A0E6AF92-B68E-411C-96BE-29898A5737A5} = {DC4D8C2E-8890-4918-A747-96366425F3EE}
		{BCAB55CB-8C31-45C4-A81F-69B7857DB5AB} = {82A73E15-9180-4E24-AF09-CF1E676C5083}
		{370DD582-D5EE-41AF-BE92-59A422F1E56D} = {DC4D8C2E-8890-4918-A747-96366425F3EE}
		{06979662-A472-4FBF-9C97-0C12A18F883A} = {82A73E15-9180-4E24-AF09-CF1E676C5083}
		{BB15D317-7C9F-477C-B241-F78AF74A557F} = {6558204D-AEBB-4EF5-9093-ADDF9616E3AB}
		{A825729E-DC6A-46FB-AF9F-6E565B3E68E2} = {BB15D317-7C9F-477C-B241-F78AF74A557F}
	EndGlobalSection
	GlobalSection(ExtensibilityGlobals) = postSolution
		SolutionGuid = {8DF2255A-95A0-4127-BEBD-9611F5C9A15F}
	EndGlobalSection
EndGlobal
